// !$*UTF8*$!
{
	archiveVersion = 1;
	classes = {
	};
	objectVersion = 46;
	objects = {

/* Begin PBXBuildFile section */
		2315B11B1A4B765F00D1D703 /* FilterViewController.swift in Sources */ = {isa = PBXBuildFile; fileRef = 2315B11A1A4B765F00D1D703 /* FilterViewController.swift */; };
		2315B11D1A4B7A5700D1D703 /* FilterCell.swift in Sources */ = {isa = PBXBuildFile; fileRef = 2315B11C1A4B7A5700D1D703 /* FilterCell.swift */; };
		2315B11F1A4DB42B00D1D703 /* FeedItem.swift in Sources */ = {isa = PBXBuildFile; fileRef = 2315B11E1A4DB42B00D1D703 /* FeedItem.swift */; };
		2315B1221A4E1B0800D1D703 /* ProfileViewController.swift in Sources */ = {isa = PBXBuildFile; fileRef = 2315B1211A4E1B0800D1D703 /* ProfileViewController.swift */; };
		23BE21FA1A3CDF620042EBE6 /* AppDelegate.swift in Sources */ = {isa = PBXBuildFile; fileRef = 23BE21F91A3CDF620042EBE6 /* AppDelegate.swift */; };
		23BE21FD1A3CDF620042EBE6 /* ExchangeAGram.xcdatamodeld in Sources */ = {isa = PBXBuildFile; fileRef = 23BE21FB1A3CDF620042EBE6 /* ExchangeAGram.xcdatamodeld */; };
		23BE22021A3CDF620042EBE6 /* Main.storyboard in Resources */ = {isa = PBXBuildFile; fileRef = 23BE22001A3CDF620042EBE6 /* Main.storyboard */; };
		23BE22041A3CDF620042EBE6 /* Images.xcassets in Resources */ = {isa = PBXBuildFile; fileRef = 23BE22031A3CDF620042EBE6 /* Images.xcassets */; };
		23BE22071A3CDF620042EBE6 /* LaunchScreen.xib in Resources */ = {isa = PBXBuildFile; fileRef = 23BE22051A3CDF620042EBE6 /* LaunchScreen.xib */; };
		23BE22131A3CDF620042EBE6 /* ExchangeAGramTests.swift in Sources */ = {isa = PBXBuildFile; fileRef = 23BE22121A3CDF620042EBE6 /* ExchangeAGramTests.swift */; };
		23BE221D1A3CE0C90042EBE6 /* FeedViewController.swift in Sources */ = {isa = PBXBuildFile; fileRef = 23BE221C1A3CE0C90042EBE6 /* FeedViewController.swift */; };
		23BE221F1A3CE3580042EBE6 /* FeedCell.swift in Sources */ = {isa = PBXBuildFile; fileRef = 23BE221E1A3CE3580042EBE6 /* FeedCell.swift */; };
		23BE22211A3CE68A0042EBE6 /* MobileCoreServices.framework in Frameworks */ = {isa = PBXBuildFile; fileRef = 23BE22201A3CE68A0042EBE6 /* MobileCoreServices.framework */; };
/* End PBXBuildFile section */

/* Begin PBXContainerItemProxy section */
		23BE220D1A3CDF620042EBE6 /* PBXContainerItemProxy */ = {
			isa = PBXContainerItemProxy;
			containerPortal = 23BE21EC1A3CDF620042EBE6 /* Project object */;
			proxyType = 1;
			remoteGlobalIDString = 23BE21F31A3CDF620042EBE6;
			remoteInfo = ExchangeAGram;
		};
/* End PBXContainerItemProxy section */

/* Begin PBXFileReference section */
		2315B11A1A4B765F00D1D703 /* FilterViewController.swift */ = {isa = PBXFileReference; fileEncoding = 4; lastKnownFileType = sourcecode.swift; path = FilterViewController.swift; sourceTree = "<group>"; };
		2315B11C1A4B7A5700D1D703 /* FilterCell.swift */ = {isa = PBXFileReference; fileEncoding = 4; lastKnownFileType = sourcecode.swift; path = FilterCell.swift; sourceTree = "<group>"; };
		2315B11E1A4DB42B00D1D703 /* FeedItem.swift */ = {isa = PBXFileReference; fileEncoding = 4; lastKnownFileType = sourcecode.swift; name = FeedItem.swift; path = ../FeedItem.swift; sourceTree = "<group>"; };
		2315B1211A4E1B0800D1D703 /* ProfileViewController.swift */ = {isa = PBXFileReference; fileEncoding = 4; lastKnownFileType = sourcecode.swift; path = ProfileViewController.swift; sourceTree = "<group>"; };
		23BE21F41A3CDF620042EBE6 /* ExchangeAGram.app */ = {isa = PBXFileReference; explicitFileType = wrapper.application; includeInIndex = 0; path = ExchangeAGram.app; sourceTree = BUILT_PRODUCTS_DIR; };
		23BE21F81A3CDF620042EBE6 /* Info.plist */ = {isa = PBXFileReference; lastKnownFileType = text.plist.xml; path = Info.plist; sourceTree = "<group>"; };
		23BE21F91A3CDF620042EBE6 /* AppDelegate.swift */ = {isa = PBXFileReference; lastKnownFileType = sourcecode.swift; path = AppDelegate.swift; sourceTree = "<group>"; };
		23BE21FC1A3CDF620042EBE6 /* ExchangeAGram.xcdatamodel */ = {isa = PBXFileReference; lastKnownFileType = wrapper.xcdatamodel; path = ExchangeAGram.xcdatamodel; sourceTree = "<group>"; };
		23BE22011A3CDF620042EBE6 /* Base */ = {isa = PBXFileReference; lastKnownFileType = file.storyboard; name = Base; path = Base.lproj/Main.storyboard; sourceTree = "<group>"; };
		23BE22031A3CDF620042EBE6 /* Images.xcassets */ = {isa = PBXFileReference; lastKnownFileType = folder.assetcatalog; path = Images.xcassets; sourceTree = "<group>"; };
		23BE22061A3CDF620042EBE6 /* Base */ = {isa = PBXFileReference; lastKnownFileType = file.xib; name = Base; path = Base.lproj/LaunchScreen.xib; sourceTree = "<group>"; };
		23BE220C1A3CDF620042EBE6 /* ExchangeAGramTests.xctest */ = {isa = PBXFileReference; explicitFileType = wrapper.cfbundle; includeInIndex = 0; path = ExchangeAGramTests.xctest; sourceTree = BUILT_PRODUCTS_DIR; };
		23BE22111A3CDF620042EBE6 /* Info.plist */ = {isa = PBXFileReference; lastKnownFileType = text.plist.xml; path = Info.plist; sourceTree = "<group>"; };
		23BE22121A3CDF620042EBE6 /* ExchangeAGramTests.swift */ = {isa = PBXFileReference; lastKnownFileType = sourcecode.swift; path = ExchangeAGramTests.swift; sourceTree = "<group>"; };
		23BE221C1A3CE0C90042EBE6 /* FeedViewController.swift */ = {isa = PBXFileReference; fileEncoding = 4; lastKnownFileType = sourcecode.swift; name = FeedViewController.swift; path = ../FeedViewController.swift; sourceTree = "<group>"; };
		23BE221E1A3CE3580042EBE6 /* FeedCell.swift */ = {isa = PBXFileReference; fileEncoding = 4; lastKnownFileType = sourcecode.swift; path = FeedCell.swift; sourceTree = "<group>"; };
		23BE22201A3CE68A0042EBE6 /* MobileCoreServices.framework */ = {isa = PBXFileReference; lastKnownFileType = wrapper.framework; name = MobileCoreServices.framework; path = System/Library/Frameworks/MobileCoreServices.framework; sourceTree = SDKROOT; };
/* End PBXFileReference section */

/* Begin PBXFrameworksBuildPhase section */
		23BE21F11A3CDF620042EBE6 /* Frameworks */ = {
			isa = PBXFrameworksBuildPhase;
			buildActionMask = 2147483647;
			files = (
				23BE22211A3CE68A0042EBE6 /* MobileCoreServices.framework in Frameworks */,
			);
			runOnlyForDeploymentPostprocessing = 0;
		};
		23BE22091A3CDF620042EBE6 /* Frameworks */ = {
			isa = PBXFrameworksBuildPhase;
			buildActionMask = 2147483647;
			files = (
			);
			runOnlyForDeploymentPostprocessing = 0;
		};
/* End PBXFrameworksBuildPhase section */

/* Begin PBXGroup section */
		2315B1201A4DB45200D1D703 /* Model */ = {
			isa = PBXGroup;
			children = (
				23BE21FB1A3CDF620042EBE6 /* ExchangeAGram.xcdatamodeld */,
				2315B11E1A4DB42B00D1D703 /* FeedItem.swift */,
			);
			name = Model;
			sourceTree = "<group>";
		};
		23BE21EB1A3CDF620042EBE6 = {
			isa = PBXGroup;
			children = (
				23BE21F61A3CDF620042EBE6 /* ExchangeAGram */,
				23BE220F1A3CDF620042EBE6 /* ExchangeAGramTests */,
				23BE21F51A3CDF620042EBE6 /* Products */,
			);
			sourceTree = "<group>";
		};
		23BE21F51A3CDF620042EBE6 /* Products */ = {
			isa = PBXGroup;
			children = (
				23BE21F41A3CDF620042EBE6 /* ExchangeAGram.app */,
				23BE220C1A3CDF620042EBE6 /* ExchangeAGramTests.xctest */,
			);
			name = Products;
			sourceTree = "<group>";
		};
		23BE21F61A3CDF620042EBE6 /* ExchangeAGram */ = {
			isa = PBXGroup;
			children = (
				23BE21F91A3CDF620042EBE6 /* AppDelegate.swift */,
				23BE221C1A3CE0C90042EBE6 /* FeedViewController.swift */,
				2315B11A1A4B765F00D1D703 /* FilterViewController.swift */,
				2315B11C1A4B7A5700D1D703 /* FilterCell.swift */,
				2315B1211A4E1B0800D1D703 /* ProfileViewController.swift */,
				23BE221E1A3CE3580042EBE6 /* FeedCell.swift */,
				23BE22001A3CDF620042EBE6 /* Main.storyboard */,
				23BE22031A3CDF620042EBE6 /* Images.xcassets */,
				23BE22051A3CDF620042EBE6 /* LaunchScreen.xib */,
				2315B1201A4DB45200D1D703 /* Model */,
				23BE21F71A3CDF620042EBE6 /* Supporting Files */,
			);
			path = ExchangeAGram;
			sourceTree = "<group>";
		};
		23BE21F71A3CDF620042EBE6 /* Supporting Files */ = {
			isa = PBXGroup;
			children = (
				23BE22201A3CE68A0042EBE6 /* MobileCoreServices.framework */,
				23BE21F81A3CDF620042EBE6 /* Info.plist */,
			);
			name = "Supporting Files";
			sourceTree = "<group>";
		};
		23BE220F1A3CDF620042EBE6 /* ExchangeAGramTests */ = {
			isa = PBXGroup;
			children = (
				23BE22121A3CDF620042EBE6 /* ExchangeAGramTests.swift */,
				23BE22101A3CDF620042EBE6 /* Supporting Files */,
			);
			path = ExchangeAGramTests;
			sourceTree = "<group>";
		};
		23BE22101A3CDF620042EBE6 /* Supporting Files */ = {
			isa = PBXGroup;
			children = (
				23BE22111A3CDF620042EBE6 /* Info.plist */,
			);
			name = "Supporting Files";
			sourceTree = "<group>";
		};
/* End PBXGroup section */

/* Begin PBXNativeTarget section */
		23BE21F31A3CDF620042EBE6 /* ExchangeAGram */ = {
			isa = PBXNativeTarget;
			buildConfigurationList = 23BE22161A3CDF620042EBE6 /* Build configuration list for PBXNativeTarget "ExchangeAGram" */;
			buildPhases = (
				23BE21F01A3CDF620042EBE6 /* Sources */,
				23BE21F11A3CDF620042EBE6 /* Frameworks */,
				23BE21F21A3CDF620042EBE6 /* Resources */,
			);
			buildRules = (
			);
			dependencies = (
			);
			name = ExchangeAGram;
			productName = ExchangeAGram;
			productReference = 23BE21F41A3CDF620042EBE6 /* ExchangeAGram.app */;
			productType = "com.apple.product-type.application";
		};
		23BE220B1A3CDF620042EBE6 /* ExchangeAGramTests */ = {
			isa = PBXNativeTarget;
			buildConfigurationList = 23BE22191A3CDF620042EBE6 /* Build configuration list for PBXNativeTarget "ExchangeAGramTests" */;
			buildPhases = (
				23BE22081A3CDF620042EBE6 /* Sources */,
				23BE22091A3CDF620042EBE6 /* Frameworks */,
				23BE220A1A3CDF620042EBE6 /* Resources */,
			);
			buildRules = (
			);
			dependencies = (
				23BE220E1A3CDF620042EBE6 /* PBXTargetDependency */,
			);
			name = ExchangeAGramTests;
			productName = ExchangeAGramTests;
			productReference = 23BE220C1A3CDF620042EBE6 /* ExchangeAGramTests.xctest */;
			productType = "com.apple.product-type.bundle.unit-test";
		};
/* End PBXNativeTarget section */

/* Begin PBXProject section */
		23BE21EC1A3CDF620042EBE6 /* Project object */ = {
			isa = PBXProject;
			attributes = {
				LastUpgradeCheck = 0610;
				ORGANIZATIONNAME = "Jesús";
				TargetAttributes = {
					23BE21F31A3CDF620042EBE6 = {
						CreatedOnToolsVersion = 6.1.1;
					};
					23BE220B1A3CDF620042EBE6 = {
						CreatedOnToolsVersion = 6.1.1;
						TestTargetID = 23BE21F31A3CDF620042EBE6;
					};
				};
			};
			buildConfigurationList = 23BE21EF1A3CDF620042EBE6 /* Build configuration list for PBXProject "ExchangeAGram" */;
			compatibilityVersion = "Xcode 3.2";
			developmentRegion = English;
			hasScannedForEncodings = 0;
			knownRegions = (
				en,
				Base,
			);
			mainGroup = 23BE21EB1A3CDF620042EBE6;
			productRefGroup = 23BE21F51A3CDF620042EBE6 /* Products */;
			projectDirPath = "";
			projectRoot = "";
			targets = (
				23BE21F31A3CDF620042EBE6 /* ExchangeAGram */,
				23BE220B1A3CDF620042EBE6 /* ExchangeAGramTests */,
			);
		};
/* End PBXProject section */

/* Begin PBXResourcesBuildPhase section */
		23BE21F21A3CDF620042EBE6 /* Resources */ = {
			isa = PBXResourcesBuildPhase;
			buildActionMask = 2147483647;
			files = (
				23BE22021A3CDF620042EBE6 /* Main.storyboard in Resources */,
				23BE22071A3CDF620042EBE6 /* LaunchScreen.xib in Resources */,
				23BE22041A3CDF620042EBE6 /* Images.xcassets in Resources */,
			);
			runOnlyForDeploymentPostprocessing = 0;
		};
		23BE220A1A3CDF620042EBE6 /* Resources */ = {
			isa = PBXResourcesBuildPhase;
			buildActionMask = 2147483647;
			files = (
			);
			runOnlyForDeploymentPostprocessing = 0;
		};
/* End PBXResourcesBuildPhase section */

/* Begin PBXSourcesBuildPhase section */
		23BE21F01A3CDF620042EBE6 /* Sources */ = {
			isa = PBXSourcesBuildPhase;
			buildActionMask = 2147483647;
			files = (
				2315B11D1A4B7A5700D1D703 /* FilterCell.swift in Sources */,
				2315B11B1A4B765F00D1D703 /* FilterViewController.swift in Sources */,
				23BE21FA1A3CDF620042EBE6 /* AppDelegate.swift in Sources */,
				23BE221F1A3CE3580042EBE6 /* FeedCell.swift in Sources */,
				23BE221D1A3CE0C90042EBE6 /* FeedViewController.swift in Sources */,
				2315B11F1A4DB42B00D1D703 /* FeedItem.swift in Sources */,
				2315B1221A4E1B0800D1D703 /* ProfileViewController.swift in Sources */,
				23BE21FD1A3CDF620042EBE6 /* ExchangeAGram.xcdatamodeld in Sources */,
			);
			runOnlyForDeploymentPostprocessing = 0;
		};
		23BE22081A3CDF620042EBE6 /* Sources */ = {
			isa = PBXSourcesBuildPhase;
			buildActionMask = 2147483647;
			files = (
				23BE22131A3CDF620042EBE6 /* ExchangeAGramTests.swift in Sources */,
			);
			runOnlyForDeploymentPostprocessing = 0;
		};
/* End PBXSourcesBuildPhase section */

/* Begin PBXTargetDependency section */
		23BE220E1A3CDF620042EBE6 /* PBXTargetDependency */ = {
			isa = PBXTargetDependency;
			target = 23BE21F31A3CDF620042EBE6 /* ExchangeAGram */;
			targetProxy = 23BE220D1A3CDF620042EBE6 /* PBXContainerItemProxy */;
		};
/* End PBXTargetDependency section */

/* Begin PBXVariantGroup section */
		23BE22001A3CDF620042EBE6 /* Main.storyboard */ = {
			isa = PBXVariantGroup;
			children = (
				23BE22011A3CDF620042EBE6 /* Base */,
			);
			name = Main.storyboard;
			sourceTree = "<group>";
		};
		23BE22051A3CDF620042EBE6 /* LaunchScreen.xib */ = {
			isa = PBXVariantGroup;
			children = (
				23BE22061A3CDF620042EBE6 /* Base */,
			);
			name = LaunchScreen.xib;
			sourceTree = "<group>";
		};
/* End PBXVariantGroup section */

/* Begin XCBuildConfiguration section */
		23BE22141A3CDF620042EBE6 /* Debug */ = {
			isa = XCBuildConfiguration;
			buildSettings = {
				ALWAYS_SEARCH_USER_PATHS = NO;
				CLANG_CXX_LANGUAGE_STANDARD = "gnu++0x";
				CLANG_CXX_LIBRARY = "libc++";
				CLANG_ENABLE_MODULES = YES;
				CLANG_ENABLE_OBJC_ARC = YES;
				CLANG_WARN_BOOL_CONVERSION = YES;
				CLANG_WARN_CONSTANT_CONVERSION = YES;
				CLANG_WARN_DIRECT_OBJC_ISA_USAGE = YES_ERROR;
				CLANG_WARN_EMPTY_BODY = YES;
				CLANG_WARN_ENUM_CONVERSION = YES;
				CLANG_WARN_INT_CONVERSION = YES;
				CLANG_WARN_OBJC_ROOT_CLASS = YES_ERROR;
				CLANG_WARN_UNREACHABLE_CODE = YES;
				CLANG_WARN__DUPLICATE_METHOD_MATCH = YES;
				"CODE_SIGN_IDENTITY[sdk=iphoneos*]" = "iPhone Developer";
				COPY_PHASE_STRIP = NO;
				ENABLE_STRICT_OBJC_MSGSEND = YES;
				GCC_C_LANGUAGE_STANDARD = gnu99;
				GCC_DYNAMIC_NO_PIC = NO;
				GCC_OPTIMIZATION_LEVEL = 0;
				GCC_PREPROCESSOR_DEFINITIONS = (
					"DEBUG=1",
					"$(inherited)",
				);
				GCC_SYMBOLS_PRIVATE_EXTERN = NO;
				GCC_WARN_64_TO_32_BIT_CONVERSION = YES;
				GCC_WARN_ABOUT_RETURN_TYPE = YES_ERROR;
				GCC_WARN_UNDECLARED_SELECTOR = YES;
				GCC_WARN_UNINITIALIZED_AUTOS = YES_AGGRESSIVE;
				GCC_WARN_UNUSED_FUNCTION = YES;
				GCC_WARN_UNUSED_VARIABLE = YES;
				IPHONEOS_DEPLOYMENT_TARGET = 8.1;
				MTL_ENABLE_DEBUG_INFO = YES;
				ONLY_ACTIVE_ARCH = YES;
				SDKROOT = iphoneos;
				SWIFT_OPTIMIZATION_LEVEL = "-Onone";
				TARGETED_DEVICE_FAMILY = "1,2";
			};
			name = Debug;
		};
		23BE22151A3CDF620042EBE6 /* Release */ = {
			isa = XCBuildConfiguration;
			buildSettings = {
				ALWAYS_SEARCH_USER_PATHS = NO;
				CLANG_CXX_LANGUAGE_STANDARD = "gnu++0x";
				CLANG_CXX_LIBRARY = "libc++";
				CLANG_ENABLE_MODULES = YES;
				CLANG_ENABLE_OBJC_ARC = YES;
				CLANG_WARN_BOOL_CONVERSION = YES;
				CLANG_WARN_CONSTANT_CONVERSION = YES;
				CLANG_WARN_DIRECT_OBJC_ISA_USAGE = YES_ERROR;
				CLANG_WARN_EMPTY_BODY = YES;
				CLANG_WARN_ENUM_CONVERSION = YES;
				CLANG_WARN_INT_CONVERSION = YES;
				CLANG_WARN_OBJC_ROOT_CLASS = YES_ERROR;
				CLANG_WARN_UNREACHABLE_CODE = YES;
				CLANG_WARN__DUPLICATE_METHOD_MATCH = YES;
				"CODE_SIGN_IDENTITY[sdk=iphoneos*]" = "iPhone Developer";
				COPY_PHASE_STRIP = YES;
				ENABLE_NS_ASSERTIONS = NO;
				ENABLE_STRICT_OBJC_MSGSEND = YES;
				GCC_C_LANGUAGE_STANDARD = gnu99;
				GCC_WARN_64_TO_32_BIT_CONVERSION = YES;
				GCC_WARN_ABOUT_RETURN_TYPE = YES_ERROR;
				GCC_WARN_UNDECLARED_SELECTOR = YES;
				GCC_WARN_UNINITIALIZED_AUTOS = YES_AGGRESSIVE;
				GCC_WARN_UNUSED_FUNCTION = YES;
				GCC_WARN_UNUSED_VARIABLE = YES;
				IPHONEOS_DEPLOYMENT_TARGET = 8.1;
				MTL_ENABLE_DEBUG_INFO = NO;
				SDKROOT = iphoneos;
				TARGETED_DEVICE_FAMILY = "1,2";
				VALIDATE_PRODUCT = YES;
			};
			name = Release;
		};
		23BE22171A3CDF620042EBE6 /* Debug */ = {
			isa = XCBuildConfiguration;
			buildSettings = {
				ASSETCATALOG_COMPILER_APPICON_NAME = AppIcon;
				INFOPLIST_FILE = ExchangeAGram/Info.plist;
				LD_RUNPATH_SEARCH_PATHS = "$(inherited) @executable_path/Frameworks";
				PRODUCT_NAME = "$(TARGET_NAME)";
			};
			name = Debug;
		};
		23BE22181A3CDF620042EBE6 /* Release */ = {
			isa = XCBuildConfiguration;
			buildSettings = {
				ASSETCATALOG_COMPILER_APPICON_NAME = AppIcon;
				INFOPLIST_FILE = ExchangeAGram/Info.plist;
				LD_RUNPATH_SEARCH_PATHS = "$(inherited) @executable_path/Frameworks";
				PRODUCT_NAME = "$(TARGET_NAME)";
			};
			name = Release;
		};
		23BE221A1A3CDF620042EBE6 /* Debug */ = {
			isa = XCBuildConfiguration;
			buildSettings = {
				BUNDLE_LOADER = "$(TEST_HOST)";
				FRAMEWORK_SEARCH_PATHS = (
					"$(SDKROOT)/Developer/Library/Frameworks",
					"$(inherited)",
				);
				GCC_PREPROCESSOR_DEFINITIONS = (
					"DEBUG=1",
					"$(inherited)",
				);
				INFOPLIST_FILE = ExchangeAGramTests/Info.plist;
				LD_RUNPATH_SEARCH_PATHS = "$(inherited) @executable_path/Frameworks @loader_path/Frameworks";
				PRODUCT_NAME = "$(TARGET_NAME)";
				TEST_HOST = "$(BUILT_PRODUCTS_DIR)/ExchangeAGram.app/ExchangeAGram";
			};
			name = Debug;
		};
		23BE221B1A3CDF620042EBE6 /* Release */ = {
			isa = XCBuildConfiguration;
			buildSettings = {
				BUNDLE_LOADER = "$(TEST_HOST)";
				FRAMEWORK_SEARCH_PATHS = (
					"$(SDKROOT)/Developer/Library/Frameworks",
					"$(inherited)",
				);
				INFOPLIST_FILE = ExchangeAGramTests/Info.plist;
				LD_RUNPATH_SEARCH_PATHS = "$(inherited) @executable_path/Frameworks @loader_path/Frameworks";
				PRODUCT_NAME = "$(TARGET_NAME)";
				TEST_HOST = "$(BUILT_PRODUCTS_DIR)/ExchangeAGram.app/ExchangeAGram";
			};
			name = Release;
		};
/* End XCBuildConfiguration section */

/* Begin XCConfigurationList section */
		23BE21EF1A3CDF620042EBE6 /* Build configuration list for PBXProject "ExchangeAGram" */ = {
			isa = XCConfigurationList;
			buildConfigurations = (
				23BE22141A3CDF620042EBE6 /* Debug */,
				23BE22151A3CDF620042EBE6 /* Release */,
			);
			defaultConfigurationIsVisible = 0;
			defaultConfigurationName = Release;
		};
		23BE22161A3CDF620042EBE6 /* Build configuration list for PBXNativeTarget "ExchangeAGram" */ = {
			isa = XCConfigurationList;
			buildConfigurations = (
				23BE22171A3CDF620042EBE6 /* Debug */,
				23BE22181A3CDF620042EBE6 /* Release */,
			);
			defaultConfigurationIsVisible = 0;
			defaultConfigurationName = Release;
		};
		23BE22191A3CDF620042EBE6 /* Build configuration list for PBXNativeTarget "ExchangeAGramTests" */ = {
			isa = XCConfigurationList;
			buildConfigurations = (
				23BE221A1A3CDF620042EBE6 /* Debug */,
				23BE221B1A3CDF620042EBE6 /* Release */,
			);
			defaultConfigurationIsVisible = 0;
			defaultConfigurationName = Release;
		};
/* End XCConfigurationList section */

/* Begin XCVersionGroup section */
		23BE21FB1A3CDF620042EBE6 /* ExchangeAGram.xcdatamodeld */ = {
			isa = XCVersionGroup;
			children = (
				23BE21FC1A3CDF620042EBE6 /* ExchangeAGram.xcdatamodel */,
			);
			currentVersion = 23BE21FC1A3CDF620042EBE6 /* ExchangeAGram.xcdatamodel */;
			path = ExchangeAGram.xcdatamodeld;
			sourceTree = "<group>";
			versionGroupType = wrapper.xcdatamodel;
		};
/* End XCVersionGroup section */
	};
	rootObject = 23BE21EC1A3CDF620042EBE6 /* Project object */;
}
